
Microsoft Visual Studio Solution File, Format Version 12.00
# Visual Studio Version 17
VisualStudioVersion = 17.9.34902.65
MinimumVisualStudioVersion = 10.0.40219.1
Project("{FAE04EC0-301F-11D3-BF4B-00C04F79EFBC}") = "CodeSimulator", "CodeSimulator\CodeSimulator.csproj", "{8BD63354-42EB-4B3D-A89C-8A345AD78FBE}"
EndProject
Global
	GlobalSection(SolutionConfigurationPlatforms) = preSolution
		Debug|Any CPU = Debug|Any CPU
		Release|Any CPU = Release|Any CPU
	EndGlobalSection
	GlobalSection(ProjectConfigurationPlatforms) = postSolution
		{8BD63354-42EB-4B3D-A89C-8A345AD78FBE}.Debug|Any CPU.ActiveCfg = Debug|Any CPU
		{8BD63354-42EB-4B3D-A89C-8A345AD78FBE}.Debug|Any CPU.Build.0 = Debug|Any CPU
		{8BD63354-42EB-4B3D-A89C-8A345AD78FBE}.Release|Any CPU.ActiveCfg = Release|Any CPU
		{8BD63354-42EB-4B3D-A89C-8A345AD78FBE}.Release|Any CPU.Build.0 = Release|Any CPU
	EndGlobalSection
	GlobalSection(SolutionProperties) = preSolution
		HideSolutionNode = FALSE
	EndGlobalSection
	GlobalSection(ExtensibilityGlobals) = postSolution
		SolutionGuid = {A54443C6-DD66-4065-B0F0-45BA5D137700}
	EndGlobalSection
EndGlobal
